
Microsoft Visual Studio Solution File, Format Version 12.00
# Visual Studio Version 16
VisualStudioVersion = 16.0.29905.134
MinimumVisualStudioVersion = 10.0.40219.1
Project("{FAE04EC0-301F-11D3-BF4B-00C04F79EFBC}") = "SnakeWpfApp", "SnakeWpfApp\SnakeWpfApp.csproj", "{95F06AE2-BFFA-441B-9E19-4206CA1D175F}"
EndProject
Global
	GlobalSection(SolutionConfigurationPlatforms) = preSolution
		Debug|Any CPU = Debug|Any CPU
		Release|Any CPU = Release|Any CPU
	EndGlobalSection
	GlobalSection(ProjectConfigurationPlatforms) = postSolution
		{95F06AE2-BFFA-441B-9E19-4206CA1D175F}.Debug|Any CPU.ActiveCfg = Debug|Any CPU
		{95F06AE2-BFFA-441B-9E19-4206CA1D175F}.Debug|Any CPU.Build.0 = Debug|Any CPU
		{95F06AE2-BFFA-441B-9E19-4206CA1D175F}.Release|Any CPU.ActiveCfg = Release|Any CPU
		{95F06AE2-BFFA-441B-9E19-4206CA1D175F}.Release|Any CPU.Build.0 = Release|Any CPU
	EndGlobalSection
	GlobalSection(SolutionProperties) = preSolution
		HideSolutionNode = FALSE
	EndGlobalSection
	GlobalSection(ExtensibilityGlobals) = postSolution
		SolutionGuid = {10AD9E46-7F80-4989-826F-C5A5F1C1E022}
	EndGlobalSection
EndGlobal
